{
  "name": "pipeline",
  "lockfileVersion": 3,
  "requires": true,
  "packages": {
    "": {
      "dependencies": {
        "@fontsource/raleway": "^5.2.8"
      }
    },
    "node_modules/@fontsource/raleway": {
      "version": "5.2.8",
      "resolved": "https://registry.npmjs.org/@fontsource/raleway/-/raleway-5.2.8.tgz",
      "integrity": "sha512-OATNM+J4XniKQRlI1e67v3euOnCUiXwpqgMofomKc5JNYOq0JPE6E5uTXMnFaZejKN1Z7s05JrHpmYB7/tg1Fw==",
      "funding": {
        "url": "https://github.com/sponsors/ayuhito"
      }
    }
  }
}
